
Microsoft Visual Studio Solution File, Format Version 12.00
# Visual Studio Version 17
VisualStudioVersion = 17.4.33213.308
MinimumVisualStudioVersion = 10.0.40219.1
Project("{9A19103F-16F7-4668-BE54-9A1E7A4F7556}") = "LMS.API", "API\LMS.API\LMS.API.csproj", "{36D7DE79-0132-4C7A-AB9D-CD858B29192F}"
EndProject
Project("{9A19103F-16F7-4668-BE54-9A1E7A4F7556}") = "LMS.API.DataAccessLayer", "API\LMS.API.DataAccessLayer\LMS.API.DataAccessLayer.csproj", "{74ABE7DE-A2FF-4D7C-A222-99624C8AE96E}"
EndProject
Project("{9A19103F-16F7-4668-BE54-9A1E7A4F7556}") = "LMS.API.DTOs", "API\LMS.API.DTOs\LMS.API.DTOs.csproj", "{E931C84A-76FF-498D-9078-D97ECD70B5D9}"
EndProject
Project("{2150E333-8FDC-42A3-9474-1A3956D46DE8}") = "API", "API", "{A1DCC570-1D22-4818-9E08-5A8BDC2A3131}"
EndProject
Project("{9A19103F-16F7-4668-BE54-9A1E7A4F7556}") = "LMS.Portal", "LMS.Portal\LMS.Portal.csproj", "{6FEDA31D-D102-4DC8-A2CA-99558E56651F}"
EndProject
Project("{9A19103F-16F7-4668-BE54-9A1E7A4F7556}") = "LMS.API.Utils", "API\LMS.API.Utils\LMS.API.Utils.csproj", "{92F4464D-68CF-4E39-A21E-918D1F52062A}"
EndProject
Project("{9A19103F-16F7-4668-BE54-9A1E7A4F7556}") = "LMS.API.BusinessLogicLayer", "API\LMS.API.BusinessLogicLayer\LMS.API.BusinessLogicLayer.csproj", "{D6D9FA1E-A9A2-4862-9B93-C6F1ACD744D7}"
EndProject
Project("{9A19103F-16F7-4668-BE54-9A1E7A4F7556}") = "LMS.API.Exceptions", "API\LMS.API.Exceptions\LMS.API.Exceptions.csproj", "{4AB26472-2186-4B7B-81B7-B7F5AAA19700}"
EndProject
Project("{2150E333-8FDC-42A3-9474-1A3956D46DE8}") = "DBScripts", "DBScripts", "{AAFE4756-996B-4085-A022-E2888FD266BE}"
	ProjectSection(SolutionItems) = preProject
		DBScripts\MasterDBScript.sql = DBScripts\MasterDBScript.sql
	EndProjectSection
EndProject
Project("{9A19103F-16F7-4668-BE54-9A1E7A4F7556}") = "DBCredsManager", "DBCredsManager\DBCredsManager.csproj", "{A9B8DF49-ECD7-4639-B116-2F45636AF658}"
EndProject
Global
	GlobalSection(SolutionConfigurationPlatforms) = preSolution
		Debug|Any CPU = Debug|Any CPU
		Release|Any CPU = Release|Any CPU
	EndGlobalSection
	GlobalSection(ProjectConfigurationPlatforms) = postSolution
		{36D7DE79-0132-4C7A-AB9D-CD858B29192F}.Debug|Any CPU.ActiveCfg = Debug|Any CPU
		{36D7DE79-0132-4C7A-AB9D-CD858B29192F}.Debug|Any CPU.Build.0 = Debug|Any CPU
		{36D7DE79-0132-4C7A-AB9D-CD858B29192F}.Release|Any CPU.ActiveCfg = Release|Any CPU
		{36D7DE79-0132-4C7A-AB9D-CD858B29192F}.Release|Any CPU.Build.0 = Release|Any CPU
		{74ABE7DE-A2FF-4D7C-A222-99624C8AE96E}.Debug|Any CPU.ActiveCfg = Debug|Any CPU
		{74ABE7DE-A2FF-4D7C-A222-99624C8AE96E}.Debug|Any CPU.Build.0 = Debug|Any CPU
		{74ABE7DE-A2FF-4D7C-A222-99624C8AE96E}.Release|Any CPU.ActiveCfg = Release|Any CPU
		{74ABE7DE-A2FF-4D7C-A222-99624C8AE96E}.Release|Any CPU.Build.0 = Release|Any CPU
		{E931C84A-76FF-498D-9078-D97ECD70B5D9}.Debug|Any CPU.ActiveCfg = Debug|Any CPU
		{E931C84A-76FF-498D-9078-D97ECD70B5D9}.Debug|Any CPU.Build.0 = Debug|Any CPU
		{E931C84A-76FF-498D-9078-D97ECD70B5D9}.Release|Any CPU.ActiveCfg = Release|Any CPU
		{E931C84A-76FF-498D-9078-D97ECD70B5D9}.Release|Any CPU.Build.0 = Release|Any CPU
		{6FEDA31D-D102-4DC8-A2CA-99558E56651F}.Debug|Any CPU.ActiveCfg = Debug|Any CPU
		{6FEDA31D-D102-4DC8-A2CA-99558E56651F}.Debug|Any CPU.Build.0 = Debug|Any CPU
		{6FEDA31D-D102-4DC8-A2CA-99558E56651F}.Release|Any CPU.ActiveCfg = Release|Any CPU
		{6FEDA31D-D102-4DC8-A2CA-99558E56651F}.Release|Any CPU.Build.0 = Release|Any CPU
		{92F4464D-68CF-4E39-A21E-918D1F52062A}.Debug|Any CPU.ActiveCfg = Debug|Any CPU
		{92F4464D-68CF-4E39-A21E-918D1F52062A}.Debug|Any CPU.Build.0 = Debug|Any CPU
		{92F4464D-68CF-4E39-A21E-918D1F52062A}.Release|Any CPU.ActiveCfg = Release|Any CPU
		{92F4464D-68CF-4E39-A21E-918D1F52062A}.Release|Any CPU.Build.0 = Release|Any CPU
		{D6D9FA1E-A9A2-4862-9B93-C6F1ACD744D7}.Debug|Any CPU.ActiveCfg = Debug|Any CPU
		{D6D9FA1E-A9A2-4862-9B93-C6F1ACD744D7}.Debug|Any CPU.Build.0 = Debug|Any CPU
		{D6D9FA1E-A9A2-4862-9B93-C6F1ACD744D7}.Release|Any CPU.ActiveCfg = Release|Any CPU
		{D6D9FA1E-A9A2-4862-9B93-C6F1ACD744D7}.Release|Any CPU.Build.0 = Release|Any CPU
		{4AB26472-2186-4B7B-81B7-B7F5AAA19700}.Debug|Any CPU.ActiveCfg = Debug|Any CPU
		{4AB26472-2186-4B7B-81B7-B7F5AAA19700}.Debug|Any CPU.Build.0 = Debug|Any CPU
		{4AB26472-2186-4B7B-81B7-B7F5AAA19700}.Release|Any CPU.ActiveCfg = Release|Any CPU
		{4AB26472-2186-4B7B-81B7-B7F5AAA19700}.Release|Any CPU.Build.0 = Release|Any CPU
		{A9B8DF49-ECD7-4639-B116-2F45636AF658}.Debug|Any CPU.ActiveCfg = Debug|Any CPU
		{A9B8DF49-ECD7-4639-B116-2F45636AF658}.Debug|Any CPU.Build.0 = Debug|Any CPU
		{A9B8DF49-ECD7-4639-B116-2F45636AF658}.Release|Any CPU.ActiveCfg = Release|Any CPU
		{A9B8DF49-ECD7-4639-B116-2F45636AF658}.Release|Any CPU.Build.0 = Release|Any CPU
	EndGlobalSection
	GlobalSection(SolutionProperties) = preSolution
		HideSolutionNode = FALSE
	EndGlobalSection
	GlobalSection(NestedProjects) = preSolution
		{36D7DE79-0132-4C7A-AB9D-CD858B29192F} = {A1DCC570-1D22-4818-9E08-5A8BDC2A3131}
		{74ABE7DE-A2FF-4D7C-A222-99624C8AE96E} = {A1DCC570-1D22-4818-9E08-5A8BDC2A3131}
		{E931C84A-76FF-498D-9078-D97ECD70B5D9} = {A1DCC570-1D22-4818-9E08-5A8BDC2A3131}
		{92F4464D-68CF-4E39-A21E-918D1F52062A} = {A1DCC570-1D22-4818-9E08-5A8BDC2A3131}
		{D6D9FA1E-A9A2-4862-9B93-C6F1ACD744D7} = {A1DCC570-1D22-4818-9E08-5A8BDC2A3131}
		{4AB26472-2186-4B7B-81B7-B7F5AAA19700} = {A1DCC570-1D22-4818-9E08-5A8BDC2A3131}
	EndGlobalSection
	GlobalSection(ExtensibilityGlobals) = postSolution
		SolutionGuid = {A9B63CF2-13B5-457F-B7FE-0CD4EFD70F2E}
	EndGlobalSection
EndGlobal
